
Microsoft Visual Studio Solution File, Format Version 12.00
# Visual Studio Version 16
VisualStudioVersion = 16.0.30406.217
MinimumVisualStudioVersion = 10.0.40219.1
Project("{FAE04EC0-301F-11D3-BF4B-00C04F79EFBC}") = "WebApplication", "WebApplication\WebApplication.csproj", "{FCFE716D-25D3-4CFA-90A3-C3054960426A}"
EndProject
Global
	GlobalSection(SolutionConfigurationPlatforms) = preSolution
		Debug|Any CPU = Debug|Any CPU
		Release|Any CPU = Release|Any CPU
	EndGlobalSection
	GlobalSection(ProjectConfigurationPlatforms) = postSolution
		{FCFE716D-25D3-4CFA-90A3-C3054960426A}.Debug|Any CPU.ActiveCfg = Debug|Any CPU
		{FCFE716D-25D3-4CFA-90A3-C3054960426A}.Debug|Any CPU.Build.0 = Debug|Any CPU
		{FCFE716D-25D3-4CFA-90A3-C3054960426A}.Release|Any CPU.ActiveCfg = Release|Any CPU
		{FCFE716D-25D3-4CFA-90A3-C3054960426A}.Release|Any CPU.Build.0 = Release|Any CPU
	EndGlobalSection
	GlobalSection(SolutionProperties) = preSolution
		HideSolutionNode = FALSE
	EndGlobalSection
	GlobalSection(ExtensibilityGlobals) = postSolution
		SolutionGuid = {2521D91B-9F5E-44EE-A091-C7806CAF095F}
	EndGlobalSection
EndGlobal
